// !$*UTF8*$!
{
	archiveVersion = 1;
	classes = {
	};
	objectVersion = 46;
	objects = {

/* Begin PBXBuildFile section */
		589B7BB71BDE26020000534B /* AppDelegate.swift in Sources */ = {isa = PBXBuildFile; fileRef = 589B7BB61BDE26020000534B /* AppDelegate.swift */; };
		589B7BBC1BDE26020000534B /* Main.storyboard in Resources */ = {isa = PBXBuildFile; fileRef = 589B7BBA1BDE26020000534B /* Main.storyboard */; };
		589B7BBE1BDE26020000534B /* Assets.xcassets in Resources */ = {isa = PBXBuildFile; fileRef = 589B7BBD1BDE26020000534B /* Assets.xcassets */; };
		589B7BC11BDE26020000534B /* LaunchScreen.storyboard in Resources */ = {isa = PBXBuildFile; fileRef = 589B7BBF1BDE26020000534B /* LaunchScreen.storyboard */; };
		589B7BCC1BDE26020000534B /* calendar2Tests.swift in Sources */ = {isa = PBXBuildFile; fileRef = 589B7BCB1BDE26020000534B /* calendar2Tests.swift */; };
		589B7BD71BDE26020000534B /* calendar2UITests.swift in Sources */ = {isa = PBXBuildFile; fileRef = 589B7BD61BDE26020000534B /* calendar2UITests.swift */; };
		589B7BE51BDE26780000534B /* dayTableViewController.swift in Sources */ = {isa = PBXBuildFile; fileRef = 589B7BE41BDE26780000534B /* dayTableViewController.swift */; };
		589B7BE71BDE26850000534B /* eventTableViewController.swift in Sources */ = {isa = PBXBuildFile; fileRef = 589B7BE61BDE26850000534B /* eventTableViewController.swift */; };
		589B7BE91BDE26AC0000534B /* infoViewController.swift in Sources */ = {isa = PBXBuildFile; fileRef = 589B7BE81BDE26AC0000534B /* infoViewController.swift */; };
		589B7BEB1BDE27B00000534B /* day.swift in Sources */ = {isa = PBXBuildFile; fileRef = 589B7BEA1BDE27B00000534B /* day.swift */; };
		589B7BED1BDE27BC0000534B /* event.swift in Sources */ = {isa = PBXBuildFile; fileRef = 589B7BEC1BDE27BC0000534B /* event.swift */; };
		589B7BF71BDE554C0000534B /* daysdb.swift in Sources */ = {isa = PBXBuildFile; fileRef = 589B7BF61BDE554C0000534B /* daysdb.swift */; };
		589B7BFD1BDE7D1B0000534B /* secondViewController.swift in Sources */ = {isa = PBXBuildFile; fileRef = 589B7BFC1BDE7D1B0000534B /* secondViewController.swift */; };
/* End PBXBuildFile section */

/* Begin PBXContainerItemProxy section */
		589B7BC81BDE26020000534B /* PBXContainerItemProxy */ = {
			isa = PBXContainerItemProxy;
			containerPortal = 589B7BAB1BDE26020000534B /* Project object */;
			proxyType = 1;
			remoteGlobalIDString = 589B7BB21BDE26020000534B;
			remoteInfo = calendar2;
		};
		589B7BD31BDE26020000534B /* PBXContainerItemProxy */ = {
			isa = PBXContainerItemProxy;
			containerPortal = 589B7BAB1BDE26020000534B /* Project object */;
			proxyType = 1;
			remoteGlobalIDString = 589B7BB21BDE26020000534B;
			remoteInfo = calendar2;
		};
/* End PBXContainerItemProxy section */

/* Begin PBXFileReference section */
		589B7BB31BDE26020000534B /* calendar2.app */ = {isa = PBXFileReference; explicitFileType = wrapper.application; includeInIndex = 0; path = calendar2.app; sourceTree = BUILT_PRODUCTS_DIR; };
		589B7BB61BDE26020000534B /* AppDelegate.swift */ = {isa = PBXFileReference; lastKnownFileType = sourcecode.swift; path = AppDelegate.swift; sourceTree = "<group>"; };
		589B7BBB1BDE26020000534B /* Base */ = {isa = PBXFileReference; lastKnownFileType = file.storyboard; name = Base; path = Base.lproj/Main.storyboard; sourceTree = "<group>"; };
		589B7BBD1BDE26020000534B /* Assets.xcassets */ = {isa = PBXFileReference; lastKnownFileType = folder.assetcatalog; path = Assets.xcassets; sourceTree = "<group>"; };
		589B7BC01BDE26020000534B /* Base */ = {isa = PBXFileReference; lastKnownFileType = file.storyboard; name = Base; path = Base.lproj/LaunchScreen.storyboard; sourceTree = "<group>"; };
		589B7BC21BDE26020000534B /* Info.plist */ = {isa = PBXFileReference; lastKnownFileType = text.plist.xml; path = Info.plist; sourceTree = "<group>"; };
		589B7BC71BDE26020000534B /* calendar2Tests.xctest */ = {isa = PBXFileReference; explicitFileType = wrapper.cfbundle; includeInIndex = 0; path = calendar2Tests.xctest; sourceTree = BUILT_PRODUCTS_DIR; };
		589B7BCB1BDE26020000534B /* calendar2Tests.swift */ = {isa = PBXFileReference; lastKnownFileType = sourcecode.swift; path = calendar2Tests.swift; sourceTree = "<group>"; };
		589B7BCD1BDE26020000534B /* Info.plist */ = {isa = PBXFileReference; lastKnownFileType = text.plist.xml; path = Info.plist; sourceTree = "<group>"; };
		589B7BD21BDE26020000534B /* calendar2UITests.xctest */ = {isa = PBXFileReference; explicitFileType = wrapper.cfbundle; includeInIndex = 0; path = calendar2UITests.xctest; sourceTree = BUILT_PRODUCTS_DIR; };
		589B7BD61BDE26020000534B /* calendar2UITests.swift */ = {isa = PBXFileReference; lastKnownFileType = sourcecode.swift; path = calendar2UITests.swift; sourceTree = "<group>"; };
		589B7BD81BDE26020000534B /* Info.plist */ = {isa = PBXFileReference; lastKnownFileType = text.plist.xml; path = Info.plist; sourceTree = "<group>"; };
		589B7BE41BDE26780000534B /* dayTableViewController.swift */ = {isa = PBXFileReference; fileEncoding = 4; lastKnownFileType = sourcecode.swift; name = dayTableViewController.swift; path = ../dayTableViewController.swift; sourceTree = "<group>"; };
		589B7BE61BDE26850000534B /* eventTableViewController.swift */ = {isa = PBXFileReference; fileEncoding = 4; lastKnownFileType = sourcecode.swift; name = eventTableViewController.swift; path = ../eventTableViewController.swift; sourceTree = "<group>"; };
		589B7BE81BDE26AC0000534B /* infoViewController.swift */ = {isa = PBXFileReference; fileEncoding = 4; lastKnownFileType = sourcecode.swift; name = infoViewController.swift; path = ../infoViewController.swift; sourceTree = "<group>"; };
		589B7BEA1BDE27B00000534B /* day.swift */ = {isa = PBXFileReference; fileEncoding = 4; lastKnownFileType = sourcecode.swift; path = day.swift; sourceTree = "<group>"; };
		589B7BEC1BDE27BC0000534B /* event.swift */ = {isa = PBXFileReference; fileEncoding = 4; lastKnownFileType = sourcecode.swift; path = event.swift; sourceTree = "<group>"; };
		589B7BF61BDE554C0000534B /* daysdb.swift */ = {isa = PBXFileReference; fileEncoding = 4; lastKnownFileType = sourcecode.swift; path = daysdb.swift; sourceTree = "<group>"; };
		589B7BFC1BDE7D1B0000534B /* secondViewController.swift */ = {isa = PBXFileReference; fileEncoding = 4; lastKnownFileType = sourcecode.swift; name = secondViewController.swift; path = ../secondViewController.swift; sourceTree = "<group>"; };
/* End PBXFileReference section */

/* Begin PBXFrameworksBuildPhase section */
		589B7BB01BDE26020000534B /* Frameworks */ = {
			isa = PBXFrameworksBuildPhase;
			buildActionMask = 2147483647;
			files = (
			);
			runOnlyForDeploymentPostprocessing = 0;
		};
		589B7BC41BDE26020000534B /* Frameworks */ = {
			isa = PBXFrameworksBuildPhase;
			buildActionMask = 2147483647;
			files = (
			);
			runOnlyForDeploymentPostprocessing = 0;
		};
		589B7BCF1BDE26020000534B /* Frameworks */ = {
			isa = PBXFrameworksBuildPhase;
			buildActionMask = 2147483647;
			files = (
			);
			runOnlyForDeploymentPostprocessing = 0;
		};
/* End PBXFrameworksBuildPhase section */

/* Begin PBXGroup section */
		589B7BAA1BDE26020000534B = {
			isa = PBXGroup;
			children = (
				589B7BEA1BDE27B00000534B /* day.swift */,
				589B7BF61BDE554C0000534B /* daysdb.swift */,
				589B7BEC1BDE27BC0000534B /* event.swift */,
				589B7BB51BDE26020000534B /* calendar2 */,
				589B7BCA1BDE26020000534B /* calendar2Tests */,
				589B7BD51BDE26020000534B /* calendar2UITests */,
				589B7BB41BDE26020000534B /* Products */,
			);
			sourceTree = "<group>";
		};
		589B7BB41BDE26020000534B /* Products */ = {
			isa = PBXGroup;
			children = (
				589B7BB31BDE26020000534B /* calendar2.app */,
				589B7BC71BDE26020000534B /* calendar2Tests.xctest */,
				589B7BD21BDE26020000534B /* calendar2UITests.xctest */,
			);
			name = Products;
			sourceTree = "<group>";
		};
		589B7BB51BDE26020000534B /* calendar2 */ = {
			isa = PBXGroup;
			children = (
				589B7BB61BDE26020000534B /* AppDelegate.swift */,
				589B7BE41BDE26780000534B /* dayTableViewController.swift */,
				589B7BE61BDE26850000534B /* eventTableViewController.swift */,
				589B7BE81BDE26AC0000534B /* infoViewController.swift */,
				589B7BFC1BDE7D1B0000534B /* secondViewController.swift */,
				589B7BBA1BDE26020000534B /* Main.storyboard */,
				589B7BBD1BDE26020000534B /* Assets.xcassets */,
				589B7BBF1BDE26020000534B /* LaunchScreen.storyboard */,
				589B7BC21BDE26020000534B /* Info.plist */,
			);
			path = calendar2;
			sourceTree = "<group>";
		};
		589B7BCA1BDE26020000534B /* calendar2Tests */ = {
			isa = PBXGroup;
			children = (
				589B7BCB1BDE26020000534B /* calendar2Tests.swift */,
				589B7BCD1BDE26020000534B /* Info.plist */,
			);
			path = calendar2Tests;
			sourceTree = "<group>";
		};
		589B7BD51BDE26020000534B /* calendar2UITests */ = {
			isa = PBXGroup;
			children = (
				589B7BD61BDE26020000534B /* calendar2UITests.swift */,
				589B7BD81BDE26020000534B /* Info.plist */,
			);
			path = calendar2UITests;
			sourceTree = "<group>";
		};
/* End PBXGroup section */

/* Begin PBXNativeTarget section */
		589B7BB21BDE26020000534B /* calendar2 */ = {
			isa = PBXNativeTarget;
			buildConfigurationList = 589B7BDB1BDE26020000534B /* Build configuration list for PBXNativeTarget "calendar2" */;
			buildPhases = (
				589B7BAF1BDE26020000534B /* Sources */,
				589B7BB01BDE26020000534B /* Frameworks */,
				589B7BB11BDE26020000534B /* Resources */,
			);
			buildRules = (
			);
			dependencies = (
			);
			name = calendar2;
			productName = calendar2;
			productReference = 589B7BB31BDE26020000534B /* calendar2.app */;
			productType = "com.apple.product-type.application";
		};
		589B7BC61BDE26020000534B /* calendar2Tests */ = {
			isa = PBXNativeTarget;
			buildConfigurationList = 589B7BDE1BDE26020000534B /* Build configuration list for PBXNativeTarget "calendar2Tests" */;
			buildPhases = (
				589B7BC31BDE26020000534B /* Sources */,
				589B7BC41BDE26020000534B /* Frameworks */,
				589B7BC51BDE26020000534B /* Resources */,
			);
			buildRules = (
			);
			dependencies = (
				589B7BC91BDE26020000534B /* PBXTargetDependency */,
			);
			name = calendar2Tests;
			productName = calendar2Tests;
			productReference = 589B7BC71BDE26020000534B /* calendar2Tests.xctest */;
			productType = "com.apple.product-type.bundle.unit-test";
		};
		589B7BD11BDE26020000534B /* calendar2UITests */ = {
			isa = PBXNativeTarget;
			buildConfigurationList = 589B7BE11BDE26020000534B /* Build configuration list for PBXNativeTarget "calendar2UITests" */;
			buildPhases = (
				589B7BCE1BDE26020000534B /* Sources */,
				589B7BCF1BDE26020000534B /* Frameworks */,
				589B7BD01BDE26020000534B /* Resources */,
			);
			buildRules = (
			);
			dependencies = (
				589B7BD41BDE26020000534B /* PBXTargetDependency */,
			);
			name = calendar2UITests;
			productName = calendar2UITests;
			productReference = 589B7BD21BDE26020000534B /* calendar2UITests.xctest */;
			productType = "com.apple.product-type.bundle.ui-testing";
		};
/* End PBXNativeTarget section */

/* Begin PBXProject section */
		589B7BAB1BDE26020000534B /* Project object */ = {
			isa = PBXProject;
			attributes = {
				LastSwiftUpdateCheck = 0710;
				LastUpgradeCheck = 0710;
				ORGANIZATIONNAME = "John Cui";
				TargetAttributes = {
					589B7BB21BDE26020000534B = {
						CreatedOnToolsVersion = 7.1;
						DevelopmentTeam = J3ALTV5674;
					};
					589B7BC61BDE26020000534B = {
						CreatedOnToolsVersion = 7.1;
						DevelopmentTeam = J3ALTV5674;
						TestTargetID = 589B7BB21BDE26020000534B;
					};
					589B7BD11BDE26020000534B = {
						CreatedOnToolsVersion = 7.1;
						DevelopmentTeam = J3ALTV5674;
						TestTargetID = 589B7BB21BDE26020000534B;
					};
				};
			};
			buildConfigurationList = 589B7BAE1BDE26020000534B /* Build configuration list for PBXProject "calendar2" */;
			compatibilityVersion = "Xcode 3.2";
			developmentRegion = English;
			hasScannedForEncodings = 0;
			knownRegions = (
				en,
				Base,
			);
			mainGroup = 589B7BAA1BDE26020000534B;
			productRefGroup = 589B7BB41BDE26020000534B /* Products */;
			projectDirPath = "";
			projectRoot = "";
			targets = (
				589B7BB21BDE26020000534B /* calendar2 */,
				589B7BC61BDE26020000534B /* calendar2Tests */,
				589B7BD11BDE26020000534B /* calendar2UITests */,
			);
		};
/* End PBXProject section */

/* Begin PBXResourcesBuildPhase section */
		589B7BB11BDE26020000534B /* Resources */ = {
			isa = PBXResourcesBuildPhase;
			buildActionMask = 2147483647;
			files = (
				589B7BC11BDE26020000534B /* LaunchScreen.storyboard in Resources */,
				589B7BBE1BDE26020000534B /* Assets.xcassets in Resources */,
				589B7BBC1BDE26020000534B /* Main.storyboard in Resources */,
			);
			runOnlyForDeploymentPostprocessing = 0;
		};
		589B7BC51BDE26020000534B /* Resources */ = {
			isa = PBXResourcesBuildPhase;
			buildActionMask = 2147483647;
			files = (
			);
			runOnlyForDeploymentPostprocessing = 0;
		};
		589B7BD01BDE26020000534B /* Resources */ = {
			isa = PBXResourcesBuildPhase;
			buildActionMask = 2147483647;
			files = (
			);
			runOnlyForDeploymentPostprocessing = 0;
		};
/* End PBXResourcesBuildPhase section */

/* Begin PBXSourcesBuildPhase section */
		589B7BAF1BDE26020000534B /* Sources */ = {
			isa = PBXSourcesBuildPhase;
			buildActionMask = 2147483647;
			files = (
				589B7BFD1BDE7D1B0000534B /* secondViewController.swift in Sources */,
				589B7BE71BDE26850000534B /* eventTableViewController.swift in Sources */,
				589B7BEB1BDE27B00000534B /* day.swift in Sources */,
				589B7BED1BDE27BC0000534B /* event.swift in Sources */,
				589B7BE51BDE26780000534B /* dayTableViewController.swift in Sources */,
				589B7BE91BDE26AC0000534B /* infoViewController.swift in Sources */,
				589B7BB71BDE26020000534B /* AppDelegate.swift in Sources */,
				589B7BF71BDE554C0000534B /* daysdb.swift in Sources */,
			);
			runOnlyForDeploymentPostprocessing = 0;
		};
		589B7BC31BDE26020000534B /* Sources */ = {
			isa = PBXSourcesBuildPhase;
			buildActionMask = 2147483647;
			files = (
				589B7BCC1BDE26020000534B /* calendar2Tests.swift in Sources */,
			);
			runOnlyForDeploymentPostprocessing = 0;
		};
		589B7BCE1BDE26020000534B /* Sources */ = {
			isa = PBXSourcesBuildPhase;
			buildActionMask = 2147483647;
			files = (
				589B7BD71BDE26020000534B /* calendar2UITests.swift in Sources */,
			);
			runOnlyForDeploymentPostprocessing = 0;
		};
/* End PBXSourcesBuildPhase section */

/* Begin PBXTargetDependency section */
		589B7BC91BDE26020000534B /* PBXTargetDependency */ = {
			isa = PBXTargetDependency;
			target = 589B7BB21BDE26020000534B /* calendar2 */;
			targetProxy = 589B7BC81BDE26020000534B /* PBXContainerItemProxy */;
		};
		589B7BD41BDE26020000534B /* PBXTargetDependency */ = {
			isa = PBXTargetDependency;
			target = 589B7BB21BDE26020000534B /* calendar2 */;
			targetProxy = 589B7BD31BDE26020000534B /* PBXContainerItemProxy */;
		};
/* End PBXTargetDependency section */

/* Begin PBXVariantGroup section */
		589B7BBA1BDE26020000534B /* Main.storyboard */ = {
			isa = PBXVariantGroup;
			children = (
				589B7BBB1BDE26020000534B /* Base */,
			);
			name = Main.storyboard;
			sourceTree = "<group>";
		};
		589B7BBF1BDE26020000534B /* LaunchScreen.storyboard */ = {
			isa = PBXVariantGroup;
			children = (
				589B7BC01BDE26020000534B /* Base */,
			);
			name = LaunchScreen.storyboard;
			sourceTree = "<group>";
		};
/* End PBXVariantGroup section */

/* Begin XCBuildConfiguration section */
		589B7BD91BDE26020000534B /* Debug */ = {
			isa = XCBuildConfiguration;
			buildSettings = {
				ALWAYS_SEARCH_USER_PATHS = NO;
				CLANG_CXX_LANGUAGE_STANDARD = "gnu++0x";
				CLANG_CXX_LIBRARY = "libc++";
				CLANG_ENABLE_MODULES = YES;
				CLANG_ENABLE_OBJC_ARC = YES;
				CLANG_WARN_BOOL_CONVERSION = YES;
				CLANG_WARN_CONSTANT_CONVERSION = YES;
				CLANG_WARN_DIRECT_OBJC_ISA_USAGE = YES_ERROR;
				CLANG_WARN_EMPTY_BODY = YES;
				CLANG_WARN_ENUM_CONVERSION = YES;
				CLANG_WARN_INT_CONVERSION = YES;
				CLANG_WARN_OBJC_ROOT_CLASS = YES_ERROR;
				CLANG_WARN_UNREACHABLE_CODE = YES;
				CLANG_WARN__DUPLICATE_METHOD_MATCH = YES;
				"CODE_SIGN_IDENTITY[sdk=iphoneos*]" = "iPhone Developer";
				COPY_PHASE_STRIP = NO;
				DEBUG_INFORMATION_FORMAT = dwarf;
				ENABLE_STRICT_OBJC_MSGSEND = YES;
				ENABLE_TESTABILITY = YES;
				GCC_C_LANGUAGE_STANDARD = gnu99;
				GCC_DYNAMIC_NO_PIC = NO;
				GCC_NO_COMMON_BLOCKS = YES;
				GCC_OPTIMIZATION_LEVEL = 0;
				GCC_PREPROCESSOR_DEFINITIONS = (
					"DEBUG=1",
					"$(inherited)",
				);
				GCC_WARN_64_TO_32_BIT_CONVERSION = YES;
				GCC_WARN_ABOUT_RETURN_TYPE = YES_ERROR;
				GCC_WARN_UNDECLARED_SELECTOR = YES;
				GCC_WARN_UNINITIALIZED_AUTOS = YES_AGGRESSIVE;
				GCC_WARN_UNUSED_FUNCTION = YES;
				GCC_WARN_UNUSED_VARIABLE = YES;
				IPHONEOS_DEPLOYMENT_TARGET = 9.1;
				MTL_ENABLE_DEBUG_INFO = YES;
				ONLY_ACTIVE_ARCH = YES;
				SDKROOT = iphoneos;
				SWIFT_OPTIMIZATION_LEVEL = "-Onone";
			};
			name = Debug;
		};
		589B7BDA1BDE26020000534B /* Release */ = {
			isa = XCBuildConfiguration;
			buildSettings = {
				ALWAYS_SEARCH_USER_PATHS = NO;
				CLANG_CXX_LANGUAGE_STANDARD = "gnu++0x";
				CLANG_CXX_LIBRARY = "libc++";
				CLANG_ENABLE_MODULES = YES;
				CLANG_ENABLE_OBJC_ARC = YES;
				CLANG_WARN_BOOL_CONVERSION = YES;
				CLANG_WARN_CONSTANT_CONVERSION = YES;
				CLANG_WARN_DIRECT_OBJC_ISA_USAGE = YES_ERROR;
				CLANG_WARN_EMPTY_BODY = YES;
				CLANG_WARN_ENUM_CONVERSION = YES;
				CLANG_WARN_INT_CONVERSION = YES;
				CLANG_WARN_OBJC_ROOT_CLASS = YES_ERROR;
				CLANG_WARN_UNREACHABLE_CODE = YES;
				CLANG_WARN__DUPLICATE_METHOD_MATCH = YES;
				"CODE_SIGN_IDENTITY[sdk=iphoneos*]" = "iPhone Developer";
				COPY_PHASE_STRIP = NO;
				DEBUG_INFORMATION_FORMAT = "dwarf-with-dsym";
				ENABLE_NS_ASSERTIONS = NO;
				ENABLE_STRICT_OBJC_MSGSEND = YES;
				GCC_C_LANGUAGE_STANDARD = gnu99;
				GCC_NO_COMMON_BLOCKS = YES;
				GCC_WARN_64_TO_32_BIT_CONVERSION = YES;
				GCC_WARN_ABOUT_RETURN_TYPE = YES_ERROR;
				GCC_WARN_UNDECLARED_SELECTOR = YES;
				GCC_WARN_UNINITIALIZED_AUTOS = YES_AGGRESSIVE;
				GCC_WARN_UNUSED_FUNCTION = YES;
				GCC_WARN_UNUSED_VARIABLE = YES;
				IPHONEOS_DEPLOYMENT_TARGET = 9.1;
				MTL_ENABLE_DEBUG_INFO = NO;
				SDKROOT = iphoneos;
				VALIDATE_PRODUCT = YES;
			};
			name = Release;
		};
		589B7BDC1BDE26020000534B /* Debug */ = {
			isa = XCBuildConfiguration;
			buildSettings = {
				ASSETCATALOG_COMPILER_APPICON_NAME = AppIcon;
				INFOPLIST_FILE = calendar2/Info.plist;
				LD_RUNPATH_SEARCH_PATHS = "$(inherited) @executable_path/Frameworks";
				PRODUCT_BUNDLE_IDENTIFIER = john.calendar2;
				PRODUCT_NAME = "$(TARGET_NAME)";
			};
			name = Debug;
		};
		589B7BDD1BDE26020000534B /* Release */ = {
			isa = XCBuildConfiguration;
			buildSettings = {
				ASSETCATALOG_COMPILER_APPICON_NAME = AppIcon;
				INFOPLIST_FILE = calendar2/Info.plist;
				LD_RUNPATH_SEARCH_PATHS = "$(inherited) @executable_path/Frameworks";
				PRODUCT_BUNDLE_IDENTIFIER = john.calendar2;
				PRODUCT_NAME = "$(TARGET_NAME)";
			};
			name = Release;
		};
		589B7BDF1BDE26020000534B /* Debug */ = {
			isa = XCBuildConfiguration;
			buildSettings = {
				BUNDLE_LOADER = "$(TEST_HOST)";
				INFOPLIST_FILE = calendar2Tests/Info.plist;
				LD_RUNPATH_SEARCH_PATHS = "$(inherited) @executable_path/Frameworks @loader_path/Frameworks";
				PRODUCT_BUNDLE_IDENTIFIER = john.calendar2Tests;
				PRODUCT_NAME = "$(TARGET_NAME)";
				TEST_HOST = "$(BUILT_PRODUCTS_DIR)/calendar2.app/calendar2";
			};
			name = Debug;
		};
		589B7BE01BDE26020000534B /* Release */ = {
			isa = XCBuildConfiguration;
			buildSettings = {
				BUNDLE_LOADER = "$(TEST_HOST)";
				INFOPLIST_FILE = calendar2Tests/Info.plist;
				LD_RUNPATH_SEARCH_PATHS = "$(inherited) @executable_path/Frameworks @loader_path/Frameworks";
				PRODUCT_BUNDLE_IDENTIFIER = john.calendar2Tests;
				PRODUCT_NAME = "$(TARGET_NAME)";
				TEST_HOST = "$(BUILT_PRODUCTS_DIR)/calendar2.app/calendar2";
			};
			name = Release;
		};
		589B7BE21BDE26020000534B /* Debug */ = {
			isa = XCBuildConfiguration;
			buildSettings = {
				INFOPLIST_FILE = calendar2UITests/Info.plist;
				LD_RUNPATH_SEARCH_PATHS = "$(inherited) @executable_path/Frameworks @loader_path/Frameworks";
				PRODUCT_BUNDLE_IDENTIFIER = john.calendar2UITests;
				PRODUCT_NAME = "$(TARGET_NAME)";
				TEST_TARGET_NAME = calendar2;
				USES_XCTRUNNER = YES;
			};
			name = Debug;
		};
		589B7BE31BDE26020000534B /* Release */ = {
			isa = XCBuildConfiguration;
			buildSettings = {
				INFOPLIST_FILE = calendar2UITests/Info.plist;
				LD_RUNPATH_SEARCH_PATHS = "$(inherited) @executable_path/Frameworks @loader_path/Frameworks";
				PRODUCT_BUNDLE_IDENTIFIER = john.calendar2UITests;
				PRODUCT_NAME = "$(TARGET_NAME)";
				TEST_TARGET_NAME = calendar2;
				USES_XCTRUNNER = YES;
			};
			name = Release;
		};
/* End XCBuildConfiguration section */

/* Begin XCConfigurationList section */
		589B7BAE1BDE26020000534B /* Build configuration list for PBXProject "calendar2" */ = {
			isa = XCConfigurationList;
			buildConfigurations = (
				589B7BD91BDE26020000534B /* Debug */,
				589B7BDA1BDE26020000534B /* Release */,
			);
			defaultConfigurationIsVisible = 0;
			defaultConfigurationName = Release;
		};
		589B7BDB1BDE26020000534B /* Build configuration list for PBXNativeTarget "calendar2" */ = {
			isa = XCConfigurationList;
			buildConfigurations = (
				589B7BDC1BDE26020000534B /* Debug */,
				589B7BDD1BDE26020000534B /* Release */,
			);
			defaultConfigurationIsVisible = 0;
		};
		589B7BDE1BDE26020000534B /* Build configuration list for PBXNativeTarget "calendar2Tests" */ = {
			isa = XCConfigurationList;
			buildConfigurations = (
				589B7BDF1BDE26020000534B /* Debug */,
				589B7BE01BDE26020000534B /* Release */,
			);
			defaultConfigurationIsVisible = 0;
		};
		589B7BE11BDE26020000534B /* Build configuration list for PBXNativeTarget "calendar2UITests" */ = {
			isa = XCConfigurationList;
			buildConfigurations = (
				589B7BE21BDE26020000534B /* Debug */,
				589B7BE31BDE26020000534B /* Release */,
			);
			defaultConfigurationIsVisible = 0;
		};
/* End XCConfigurationList section */
	};
	rootObject = 589B7BAB1BDE26020000534B /* Project object */;
}
